// !$*UTF8*$!
{
	archiveVersion = 1;
	classes = {
	};
	objectVersion = 56;
	objects = {

/* Begin PBXBuildFile section */
		6DE51E9528FD23E8007450ED /* AppDelegate.swift in Sources */ = {isa = PBXBuildFile; fileRef = 6DE51E9428FD23E8007450ED /* AppDelegate.swift */; };
		6DE51E9728FD23E8007450ED /* SceneDelegate.swift in Sources */ = {isa = PBXBuildFile; fileRef = 6DE51E9628FD23E8007450ED /* SceneDelegate.swift */; };
		6DE51E9928FD23E8007450ED /* ViewController.swift in Sources */ = {isa = PBXBuildFile; fileRef = 6DE51E9828FD23E8007450ED /* ViewController.swift */; };
		6DE51E9C28FD23E8007450ED /* Main.storyboard in Resources */ = {isa = PBXBuildFile; fileRef = 6DE51E9A28FD23E8007450ED /* Main.storyboard */; };
		6DE51E9E28FD23EA007450ED /* Assets.xcassets in Resources */ = {isa = PBXBuildFile; fileRef = 6DE51E9D28FD23EA007450ED /* Assets.xcassets */; };
		6DE51EA128FD23EA007450ED /* LaunchScreen.storyboard in Resources */ = {isa = PBXBuildFile; fileRef = 6DE51E9F28FD23EA007450ED /* LaunchScreen.storyboard */; };
		6DE51EAC28FD23EA007450ED /* Flat_EarthTests.swift in Sources */ = {isa = PBXBuildFile; fileRef = 6DE51EAB28FD23EA007450ED /* Flat_EarthTests.swift */; };
		6DE51EB628FD23EA007450ED /* Flat_EarthUITests.swift in Sources */ = {isa = PBXBuildFile; fileRef = 6DE51EB528FD23EA007450ED /* Flat_EarthUITests.swift */; };
		6DE51EB828FD23EA007450ED /* Flat_EarthUITestsLaunchTests.swift in Sources */ = {isa = PBXBuildFile; fileRef = 6DE51EB728FD23EA007450ED /* Flat_EarthUITestsLaunchTests.swift */; };
/* End PBXBuildFile section */

/* Begin PBXContainerItemProxy section */
		6DE51EA828FD23EA007450ED /* PBXContainerItemProxy */ = {
			isa = PBXContainerItemProxy;
			containerPortal = 6DE51E8928FD23E8007450ED /* Project object */;
			proxyType = 1;
			remoteGlobalIDString = 6DE51E9028FD23E8007450ED;
			remoteInfo = "Flat Earth";
		};
		6DE51EB228FD23EA007450ED /* PBXContainerItemProxy */ = {
			isa = PBXContainerItemProxy;
			containerPortal = 6DE51E8928FD23E8007450ED /* Project object */;
			proxyType = 1;
			remoteGlobalIDString = 6DE51E9028FD23E8007450ED;
			remoteInfo = "Flat Earth";
		};
/* End PBXContainerItemProxy section */

/* Begin PBXFileReference section */
		6DE51E9128FD23E8007450ED /* Flat Earth.app */ = {isa = PBXFileReference; explicitFileType = wrapper.application; includeInIndex = 0; path = "Flat Earth.app"; sourceTree = BUILT_PRODUCTS_DIR; };
		6DE51E9428FD23E8007450ED /* AppDelegate.swift */ = {isa = PBXFileReference; lastKnownFileType = sourcecode.swift; path = AppDelegate.swift; sourceTree = "<group>"; };
		6DE51E9628FD23E8007450ED /* SceneDelegate.swift */ = {isa = PBXFileReference; lastKnownFileType = sourcecode.swift; path = SceneDelegate.swift; sourceTree = "<group>"; };
		6DE51E9828FD23E8007450ED /* ViewController.swift */ = {isa = PBXFileReference; lastKnownFileType = sourcecode.swift; path = ViewController.swift; sourceTree = "<group>"; };
		6DE51E9B28FD23E8007450ED /* Base */ = {isa = PBXFileReference; lastKnownFileType = file.storyboard; name = Base; path = Base.lproj/Main.storyboard; sourceTree = "<group>"; };
		6DE51E9D28FD23EA007450ED /* Assets.xcassets */ = {isa = PBXFileReference; lastKnownFileType = folder.assetcatalog; path = Assets.xcassets; sourceTree = "<group>"; };
		6DE51EA028FD23EA007450ED /* Base */ = {isa = PBXFileReference; lastKnownFileType = file.storyboard; name = Base; path = Base.lproj/LaunchScreen.storyboard; sourceTree = "<group>"; };
		6DE51EA228FD23EA007450ED /* Info.plist */ = {isa = PBXFileReference; lastKnownFileType = text.plist.xml; path = Info.plist; sourceTree = "<group>"; };
		6DE51EA728FD23EA007450ED /* Flat EarthTests.xctest */ = {isa = PBXFileReference; explicitFileType = wrapper.cfbundle; includeInIndex = 0; path = "Flat EarthTests.xctest"; sourceTree = BUILT_PRODUCTS_DIR; };
		6DE51EAB28FD23EA007450ED /* Flat_EarthTests.swift */ = {isa = PBXFileReference; lastKnownFileType = sourcecode.swift; path = Flat_EarthTests.swift; sourceTree = "<group>"; };
		6DE51EB128FD23EA007450ED /* Flat EarthUITests.xctest */ = {isa = PBXFileReference; explicitFileType = wrapper.cfbundle; includeInIndex = 0; path = "Flat EarthUITests.xctest"; sourceTree = BUILT_PRODUCTS_DIR; };
		6DE51EB528FD23EA007450ED /* Flat_EarthUITests.swift */ = {isa = PBXFileReference; lastKnownFileType = sourcecode.swift; path = Flat_EarthUITests.swift; sourceTree = "<group>"; };
		6DE51EB728FD23EA007450ED /* Flat_EarthUITestsLaunchTests.swift */ = {isa = PBXFileReference; lastKnownFileType = sourcecode.swift; path = Flat_EarthUITestsLaunchTests.swift; sourceTree = "<group>"; };
/* End PBXFileReference section */

/* Begin PBXFrameworksBuildPhase section */
		6DE51E8E28FD23E8007450ED /* Frameworks */ = {
			isa = PBXFrameworksBuildPhase;
			buildActionMask = 2147483647;
			files = (
			);
			runOnlyForDeploymentPostprocessing = 0;
		};
		6DE51EA428FD23EA007450ED /* Frameworks */ = {
			isa = PBXFrameworksBuildPhase;
			buildActionMask = 2147483647;
			files = (
			);
			runOnlyForDeploymentPostprocessing = 0;
		};
		6DE51EAE28FD23EA007450ED /* Frameworks */ = {
			isa = PBXFrameworksBuildPhase;
			buildActionMask = 2147483647;
			files = (
			);
			runOnlyForDeploymentPostprocessing = 0;
		};
/* End PBXFrameworksBuildPhase section */

/* Begin PBXGroup section */
		6DE51E8828FD23E8007450ED = {
			isa = PBXGroup;
			children = (
				6DE51E9328FD23E8007450ED /* Flat Earth */,
				6DE51EAA28FD23EA007450ED /* Flat EarthTests */,
				6DE51EB428FD23EA007450ED /* Flat EarthUITests */,
				6DE51E9228FD23E8007450ED /* Products */,
			);
			sourceTree = "<group>";
		};
		6DE51E9228FD23E8007450ED /* Products */ = {
			isa = PBXGroup;
			children = (
				6DE51E9128FD23E8007450ED /* Flat Earth.app */,
				6DE51EA728FD23EA007450ED /* Flat EarthTests.xctest */,
				6DE51EB128FD23EA007450ED /* Flat EarthUITests.xctest */,
			);
			name = Products;
			sourceTree = "<group>";
		};
		6DE51E9328FD23E8007450ED /* Flat Earth */ = {
			isa = PBXGroup;
			children = (
				6DE51E9428FD23E8007450ED /* AppDelegate.swift */,
				6DE51E9628FD23E8007450ED /* SceneDelegate.swift */,
				6DE51E9828FD23E8007450ED /* ViewController.swift */,
				6DE51E9A28FD23E8007450ED /* Main.storyboard */,
				6DE51E9D28FD23EA007450ED /* Assets.xcassets */,
				6DE51E9F28FD23EA007450ED /* LaunchScreen.storyboard */,
				6DE51EA228FD23EA007450ED /* Info.plist */,
			);
			path = "Flat Earth";
			sourceTree = "<group>";
		};
		6DE51EAA28FD23EA007450ED /* Flat EarthTests */ = {
			isa = PBXGroup;
			children = (
				6DE51EAB28FD23EA007450ED /* Flat_EarthTests.swift */,
			);
			path = "Flat EarthTests";
			sourceTree = "<group>";
		};
		6DE51EB428FD23EA007450ED /* Flat EarthUITests */ = {
			isa = PBXGroup;
			children = (
				6DE51EB528FD23EA007450ED /* Flat_EarthUITests.swift */,
				6DE51EB728FD23EA007450ED /* Flat_EarthUITestsLaunchTests.swift */,
			);
			path = "Flat EarthUITests";
			sourceTree = "<group>";
		};
/* End PBXGroup section */

/* Begin PBXNativeTarget section */
		6DE51E9028FD23E8007450ED /* Flat Earth */ = {
			isa = PBXNativeTarget;
			buildConfigurationList = 6DE51EBB28FD23EA007450ED /* Build configuration list for PBXNativeTarget "Flat Earth" */;
			buildPhases = (
				6DE51E8D28FD23E8007450ED /* Sources */,
				6DE51E8E28FD23E8007450ED /* Frameworks */,
				6DE51E8F28FD23E8007450ED /* Resources */,
			);
			buildRules = (
			);
			dependencies = (
			);
			name = "Flat Earth";
			productName = "Flat Earth";
			productReference = 6DE51E9128FD23E8007450ED /* Flat Earth.app */;
			productType = "com.apple.product-type.application";
		};
		6DE51EA628FD23EA007450ED /* Flat EarthTests */ = {
			isa = PBXNativeTarget;
			buildConfigurationList = 6DE51EBE28FD23EA007450ED /* Build configuration list for PBXNativeTarget "Flat EarthTests" */;
			buildPhases = (
				6DE51EA328FD23EA007450ED /* Sources */,
				6DE51EA428FD23EA007450ED /* Frameworks */,
				6DE51EA528FD23EA007450ED /* Resources */,
			);
			buildRules = (
			);
			dependencies = (
				6DE51EA928FD23EA007450ED /* PBXTargetDependency */,
			);
			name = "Flat EarthTests";
			productName = "Flat EarthTests";
			productReference = 6DE51EA728FD23EA007450ED /* Flat EarthTests.xctest */;
			productType = "com.apple.product-type.bundle.unit-test";
		};
		6DE51EB028FD23EA007450ED /* Flat EarthUITests */ = {
			isa = PBXNativeTarget;
			buildConfigurationList = 6DE51EC128FD23EA007450ED /* Build configuration list for PBXNativeTarget "Flat EarthUITests" */;
			buildPhases = (
				6DE51EAD28FD23EA007450ED /* Sources */,
				6DE51EAE28FD23EA007450ED /* Frameworks */,
				6DE51EAF28FD23EA007450ED /* Resources */,
			);
			buildRules = (
			);
			dependencies = (
				6DE51EB328FD23EA007450ED /* PBXTargetDependency */,
			);
			name = "Flat EarthUITests";
			productName = "Flat EarthUITests";
			productReference = 6DE51EB128FD23EA007450ED /* Flat EarthUITests.xctest */;
			productType = "com.apple.product-type.bundle.ui-testing";
		};
/* End PBXNativeTarget section */

/* Begin PBXProject section */
		6DE51E8928FD23E8007450ED /* Project object */ = {
			isa = PBXProject;
			attributes = {
				BuildIndependentTargetsInParallel = 1;
				LastSwiftUpdateCheck = 1400;
				LastUpgradeCheck = 1400;
				TargetAttributes = {
					6DE51E9028FD23E8007450ED = {
						CreatedOnToolsVersion = 14.0;
					};
					6DE51EA628FD23EA007450ED = {
						CreatedOnToolsVersion = 14.0;
						TestTargetID = 6DE51E9028FD23E8007450ED;
					};
					6DE51EB028FD23EA007450ED = {
						CreatedOnToolsVersion = 14.0;
						TestTargetID = 6DE51E9028FD23E8007450ED;
					};
				};
			};
			buildConfigurationList = 6DE51E8C28FD23E8007450ED /* Build configuration list for PBXProject "Flat Earth" */;
			compatibilityVersion = "Xcode 14.0";
			developmentRegion = en;
			hasScannedForEncodings = 0;
			knownRegions = (
				en,
				Base,
			);
			mainGroup = 6DE51E8828FD23E8007450ED;
			productRefGroup = 6DE51E9228FD23E8007450ED /* Products */;
			projectDirPath = "";
			projectRoot = "";
			targets = (
				6DE51E9028FD23E8007450ED /* Flat Earth */,
				6DE51EA628FD23EA007450ED /* Flat EarthTests */,
				6DE51EB028FD23EA007450ED /* Flat EarthUITests */,
			);
		};
/* End PBXProject section */

/* Begin PBXResourcesBuildPhase section */
		6DE51E8F28FD23E8007450ED /* Resources */ = {
			isa = PBXResourcesBuildPhase;
			buildActionMask = 2147483647;
			files = (
				6DE51EA128FD23EA007450ED /* LaunchScreen.storyboard in Resources */,
				6DE51E9E28FD23EA007450ED /* Assets.xcassets in Resources */,
				6DE51E9C28FD23E8007450ED /* Main.storyboard in Resources */,
			);
			runOnlyForDeploymentPostprocessing = 0;
		};
		6DE51EA528FD23EA007450ED /* Resources */ = {
			isa = PBXResourcesBuildPhase;
			buildActionMask = 2147483647;
			files = (
			);
			runOnlyForDeploymentPostprocessing = 0;
		};
		6DE51EAF28FD23EA007450ED /* Resources */ = {
			isa = PBXResourcesBuildPhase;
			buildActionMask = 2147483647;
			files = (
			);
			runOnlyForDeploymentPostprocessing = 0;
		};
/* End PBXResourcesBuildPhase section */

/* Begin PBXSourcesBuildPhase section */
		6DE51E8D28FD23E8007450ED /* Sources */ = {
			isa = PBXSourcesBuildPhase;
			buildActionMask = 2147483647;
			files = (
				6DE51E9928FD23E8007450ED /* ViewController.swift in Sources */,
				6DE51E9528FD23E8007450ED /* AppDelegate.swift in Sources */,
				6DE51E9728FD23E8007450ED /* SceneDelegate.swift in Sources */,
			);
			runOnlyForDeploymentPostprocessing = 0;
		};
		6DE51EA328FD23EA007450ED /* Sources */ = {
			isa = PBXSourcesBuildPhase;
			buildActionMask = 2147483647;
			files = (
				6DE51EAC28FD23EA007450ED /* Flat_EarthTests.swift in Sources */,
			);
			runOnlyForDeploymentPostprocessing = 0;
		};
		6DE51EAD28FD23EA007450ED /* Sources */ = {
			isa = PBXSourcesBuildPhase;
			buildActionMask = 2147483647;
			files = (
				6DE51EB828FD23EA007450ED /* Flat_EarthUITestsLaunchTests.swift in Sources */,
				6DE51EB628FD23EA007450ED /* Flat_EarthUITests.swift in Sources */,
			);
			runOnlyForDeploymentPostprocessing = 0;
		};
/* End PBXSourcesBuildPhase section */

/* Begin PBXTargetDependency section */
		6DE51EA928FD23EA007450ED /* PBXTargetDependency */ = {
			isa = PBXTargetDependency;
			target = 6DE51E9028FD23E8007450ED /* Flat Earth */;
			targetProxy = 6DE51EA828FD23EA007450ED /* PBXContainerItemProxy */;
		};
		6DE51EB328FD23EA007450ED /* PBXTargetDependency */ = {
			isa = PBXTargetDependency;
			target = 6DE51E9028FD23E8007450ED /* Flat Earth */;
			targetProxy = 6DE51EB228FD23EA007450ED /* PBXContainerItemProxy */;
		};
/* End PBXTargetDependency section */

/* Begin PBXVariantGroup section */
		6DE51E9A28FD23E8007450ED /* Main.storyboard */ = {
			isa = PBXVariantGroup;
			children = (
				6DE51E9B28FD23E8007450ED /* Base */,
			);
			name = Main.storyboard;
			sourceTree = "<group>";
		};
		6DE51E9F28FD23EA007450ED /* LaunchScreen.storyboard */ = {
			isa = PBXVariantGroup;
			children = (
				6DE51EA028FD23EA007450ED /* Base */,
			);
			name = LaunchScreen.storyboard;
			sourceTree = "<group>";
		};
/* End PBXVariantGroup section */

/* Begin XCBuildConfiguration section */
		6DE51EB928FD23EA007450ED /* Debug */ = {
			isa = XCBuildConfiguration;
			buildSettings = {
				ALWAYS_SEARCH_USER_PATHS = NO;
				CLANG_ANALYZER_NONNULL = YES;
				CLANG_ANALYZER_NUMBER_OBJECT_CONVERSION = YES_AGGRESSIVE;
				CLANG_CXX_LANGUAGE_STANDARD = "gnu++20";
				CLANG_ENABLE_MODULES = YES;
				CLANG_ENABLE_OBJC_ARC = YES;
				CLANG_ENABLE_OBJC_WEAK = YES;
				CLANG_WARN_BLOCK_CAPTURE_AUTORELEASING = YES;
				CLANG_WARN_BOOL_CONVERSION = YES;
				CLANG_WARN_COMMA = YES;
				CLANG_WARN_CONSTANT_CONVERSION = YES;
				CLANG_WARN_DEPRECATED_OBJC_IMPLEMENTATIONS = YES;
				CLANG_WARN_DIRECT_OBJC_ISA_USAGE = YES_ERROR;
				CLANG_WARN_DOCUMENTATION_COMMENTS = YES;
				CLANG_WARN_EMPTY_BODY = YES;
				CLANG_WARN_ENUM_CONVERSION = YES;
				CLANG_WARN_INFINITE_RECURSION = YES;
				CLANG_WARN_INT_CONVERSION = YES;
				CLANG_WARN_NON_LITERAL_NULL_CONVERSION = YES;
				CLANG_WARN_OBJC_IMPLICIT_RETAIN_SELF = YES;
				CLANG_WARN_OBJC_LITERAL_CONVERSION = YES;
				CLANG_WARN_OBJC_ROOT_CLASS = YES_ERROR;
				CLANG_WARN_QUOTED_INCLUDE_IN_FRAMEWORK_HEADER = YES;
				CLANG_WARN_RANGE_LOOP_ANALYSIS = YES;
				CLANG_WARN_STRICT_PROTOTYPES = YES;
				CLANG_WARN_SUSPICIOUS_MOVE = YES;
				CLANG_WARN_UNGUARDED_AVAILABILITY = YES_AGGRESSIVE;
				CLANG_WARN_UNREACHABLE_CODE = YES;
				CLANG_WARN__DUPLICATE_METHOD_MATCH = YES;
				COPY_PHASE_STRIP = NO;
				DEBUG_INFORMATION_FORMAT = dwarf;
				ENABLE_STRICT_OBJC_MSGSEND = YES;
				ENABLE_TESTABILITY = YES;
				GCC_C_LANGUAGE_STANDARD = gnu11;
				GCC_DYNAMIC_NO_PIC = NO;
				GCC_NO_COMMON_BLOCKS = YES;
				GCC_OPTIMIZATION_LEVEL = 0;
				GCC_PREPROCESSOR_DEFINITIONS = (
					"DEBUG=1",
					"$(inherited)",
				);
				GCC_WARN_64_TO_32_BIT_CONVERSION = YES;
				GCC_WARN_ABOUT_RETURN_TYPE = YES_ERROR;
				GCC_WARN_UNDECLARED_SELECTOR = YES;
				GCC_WARN_UNINITIALIZED_AUTOS = YES_AGGRESSIVE;
				GCC_WARN_UNUSED_FUNCTION = YES;
				GCC_WARN_UNUSED_VARIABLE = YES;
				IPHONEOS_DEPLOYMENT_TARGET = 16.0;
				MTL_ENABLE_DEBUG_INFO = INCLUDE_SOURCE;
				MTL_FAST_MATH = YES;
				ONLY_ACTIVE_ARCH = YES;
				SDKROOT = iphoneos;
				SWIFT_ACTIVE_COMPILATION_CONDITIONS = DEBUG;
				SWIFT_OPTIMIZATION_LEVEL = "-Onone";
			};
			name = Debug;
		};
		6DE51EBA28FD23EA007450ED /* Release */ = {
			isa = XCBuildConfiguration;
			buildSettings = {
				ALWAYS_SEARCH_USER_PATHS = NO;
				CLANG_ANALYZER_NONNULL = YES;
				CLANG_ANALYZER_NUMBER_OBJECT_CONVERSION = YES_AGGRESSIVE;
				CLANG_CXX_LANGUAGE_STANDARD = "gnu++20";
				CLANG_ENABLE_MODULES = YES;
				CLANG_ENABLE_OBJC_ARC = YES;
				CLANG_ENABLE_OBJC_WEAK = YES;
				CLANG_WARN_BLOCK_CAPTURE_AUTORELEASING = YES;
				CLANG_WARN_BOOL_CONVERSION = YES;
				CLANG_WARN_COMMA = YES;
				CLANG_WARN_CONSTANT_CONVERSION = YES;
				CLANG_WARN_DEPRECATED_OBJC_IMPLEMENTATIONS = YES;
				CLANG_WARN_DIRECT_OBJC_ISA_USAGE = YES_ERROR;
				CLANG_WARN_DOCUMENTATION_COMMENTS = YES;
				CLANG_WARN_EMPTY_BODY = YES;
				CLANG_WARN_ENUM_CONVERSION = YES;
				CLANG_WARN_INFINITE_RECURSION = YES;
				CLANG_WARN_INT_CONVERSION = YES;
				CLANG_WARN_NON_LITERAL_NULL_CONVERSION = YES;
				CLANG_WARN_OBJC_IMPLICIT_RETAIN_SELF = YES;
				CLANG_WARN_OBJC_LITERAL_CONVERSION = YES;
				CLANG_WARN_OBJC_ROOT_CLASS = YES_ERROR;
				CLANG_WARN_QUOTED_INCLUDE_IN_FRAMEWORK_HEADER = YES;
				CLANG_WARN_RANGE_LOOP_ANALYSIS = YES;
				CLANG_WARN_STRICT_PROTOTYPES = YES;
				CLANG_WARN_SUSPICIOUS_MOVE = YES;
				CLANG_WARN_UNGUARDED_AVAILABILITY = YES_AGGRESSIVE;
				CLANG_WARN_UNREACHABLE_CODE = YES;
				CLANG_WARN__DUPLICATE_METHOD_MATCH = YES;
				COPY_PHASE_STRIP = NO;
				DEBUG_INFORMATION_FORMAT = "dwarf-with-dsym";
				ENABLE_NS_ASSERTIONS = NO;
				ENABLE_STRICT_OBJC_MSGSEND = YES;
				GCC_C_LANGUAGE_STANDARD = gnu11;
				GCC_NO_COMMON_BLOCKS = YES;
				GCC_WARN_64_TO_32_BIT_CONVERSION = YES;
				GCC_WARN_ABOUT_RETURN_TYPE = YES_ERROR;
				GCC_WARN_UNDECLARED_SELECTOR = YES;
				GCC_WARN_UNINITIALIZED_AUTOS = YES_AGGRESSIVE;
				GCC_WARN_UNUSED_FUNCTION = YES;
				GCC_WARN_UNUSED_VARIABLE = YES;
				IPHONEOS_DEPLOYMENT_TARGET = 16.0;
				MTL_ENABLE_DEBUG_INFO = NO;
				MTL_FAST_MATH = YES;
				SDKROOT = iphoneos;
				SWIFT_COMPILATION_MODE = wholemodule;
				SWIFT_OPTIMIZATION_LEVEL = "-O";
				VALIDATE_PRODUCT = YES;
			};
			name = Release;
		};
		6DE51EBC28FD23EA007450ED /* Debug */ = {
			isa = XCBuildConfiguration;
			buildSettings = {
				ASSETCATALOG_COMPILER_APPICON_NAME = AppIcon;
				ASSETCATALOG_COMPILER_GLOBAL_ACCENT_COLOR_NAME = AccentColor;
				CODE_SIGN_STYLE = Automatic;
				CURRENT_PROJECT_VERSION = 1;
				GENERATE_INFOPLIST_FILE = YES;
				INFOPLIST_FILE = "Flat Earth/Info.plist";
				INFOPLIST_KEY_UIApplicationSupportsIndirectInputEvents = YES;
				INFOPLIST_KEY_UILaunchStoryboardName = LaunchScreen;
				INFOPLIST_KEY_UIMainStoryboardFile = Main;
				INFOPLIST_KEY_UISupportedInterfaceOrientations_iPad = "UIInterfaceOrientationPortrait UIInterfaceOrientationPortraitUpsideDown UIInterfaceOrientationLandscapeLeft UIInterfaceOrientationLandscapeRight";
				INFOPLIST_KEY_UISupportedInterfaceOrientations_iPhone = "UIInterfaceOrientationPortrait UIInterfaceOrientationLandscapeLeft UIInterfaceOrientationLandscapeRight";
				LD_RUNPATH_SEARCH_PATHS = (
					"$(inherited)",
					"@executable_path/Frameworks",
				);
				MARKETING_VERSION = 1.0;
				PRODUCT_BUNDLE_IDENTIFIER = "com.mammadbayli.Flat-Earth";
				PRODUCT_NAME = "$(TARGET_NAME)";
				SUPPORTED_PLATFORMS = "iphoneos iphonesimulator";
				SUPPORTS_MACCATALYST = NO;
				SUPPORTS_MAC_DESIGNED_FOR_IPHONE_IPAD = NO;
				SWIFT_EMIT_LOC_STRINGS = YES;
				SWIFT_VERSION = 5.0;
				TARGETED_DEVICE_FAMILY = "1,2";
			};
			name = Debug;
		};
		6DE51EBD28FD23EA007450ED /* Release */ = {
			isa = XCBuildConfiguration;
			buildSettings = {
				ASSETCATALOG_COMPILER_APPICON_NAME = AppIcon;
				ASSETCATALOG_COMPILER_GLOBAL_ACCENT_COLOR_NAME = AccentColor;
				CODE_SIGN_STYLE = Automatic;
				CURRENT_PROJECT_VERSION = 1;
				GENERATE_INFOPLIST_FILE = YES;
				INFOPLIST_FILE = "Flat Earth/Info.plist";
				INFOPLIST_KEY_UIApplicationSupportsIndirectInputEvents = YES;
				INFOPLIST_KEY_UILaunchStoryboardName = LaunchScreen;
				INFOPLIST_KEY_UIMainStoryboardFile = Main;
				INFOPLIST_KEY_UISupportedInterfaceOrientations_iPad = "UIInterfaceOrientationPortrait UIInterfaceOrientationPortraitUpsideDown UIInterfaceOrientationLandscapeLeft UIInterfaceOrientationLandscapeRight";
				INFOPLIST_KEY_UISupportedInterfaceOrientations_iPhone = "UIInterfaceOrientationPortrait UIInterfaceOrientationLandscapeLeft UIInterfaceOrientationLandscapeRight";
				LD_RUNPATH_SEARCH_PATHS = (
					"$(inherited)",
					"@executable_path/Frameworks",
				);
				MARKETING_VERSION = 1.0;
				PRODUCT_BUNDLE_IDENTIFIER = "com.mammadbayli.Flat-Earth";
				PRODUCT_NAME = "$(TARGET_NAME)";
				SUPPORTED_PLATFORMS = "iphoneos iphonesimulator";
				SUPPORTS_MACCATALYST = NO;
				SUPPORTS_MAC_DESIGNED_FOR_IPHONE_IPAD = NO;
				SWIFT_EMIT_LOC_STRINGS = YES;
				SWIFT_VERSION = 5.0;
				TARGETED_DEVICE_FAMILY = "1,2";
			};
			name = Release;
		};
		6DE51EBF28FD23EA007450ED /* Debug */ = {
			isa = XCBuildConfiguration;
			buildSettings = {
				ALWAYS_EMBED_SWIFT_STANDARD_LIBRARIES = YES;
				BUNDLE_LOADER = "$(TEST_HOST)";
				CODE_SIGN_STYLE = Automatic;
				CURRENT_PROJECT_VERSION = 1;
				GENERATE_INFOPLIST_FILE = YES;
				IPHONEOS_DEPLOYMENT_TARGET = 16.0;
				MARKETING_VERSION = 1.0;
				PRODUCT_BUNDLE_IDENTIFIER = "com.mammadbayli.Flat-EarthTests";
				PRODUCT_NAME = "$(TARGET_NAME)";
				SWIFT_EMIT_LOC_STRINGS = NO;
				SWIFT_VERSION = 5.0;
				TARGETED_DEVICE_FAMILY = "1,2";
				TEST_HOST = "$(BUILT_PRODUCTS_DIR)/Flat Earth.app/$(BUNDLE_EXECUTABLE_FOLDER_PATH)/Flat Earth";
			};
			name = Debug;
		};
		6DE51EC028FD23EA007450ED /* Release */ = {
			isa = XCBuildConfiguration;
			buildSettings = {
				ALWAYS_EMBED_SWIFT_STANDARD_LIBRARIES = YES;
				BUNDLE_LOADER = "$(TEST_HOST)";
				CODE_SIGN_STYLE = Automatic;
				CURRENT_PROJECT_VERSION = 1;
				GENERATE_INFOPLIST_FILE = YES;
				IPHONEOS_DEPLOYMENT_TARGET = 16.0;
				MARKETING_VERSION = 1.0;
				PRODUCT_BUNDLE_IDENTIFIER = "com.mammadbayli.Flat-EarthTests";
				PRODUCT_NAME = "$(TARGET_NAME)";
				SWIFT_EMIT_LOC_STRINGS = NO;
				SWIFT_VERSION = 5.0;
				TARGETED_DEVICE_FAMILY = "1,2";
				TEST_HOST = "$(BUILT_PRODUCTS_DIR)/Flat Earth.app/$(BUNDLE_EXECUTABLE_FOLDER_PATH)/Flat Earth";
			};
			name = Release;
		};
		6DE51EC228FD23EA007450ED /* Debug */ = {
			isa = XCBuildConfiguration;
			buildSettings = {
				ALWAYS_EMBED_SWIFT_STANDARD_LIBRARIES = YES;
				CODE_SIGN_STYLE = Automatic;
				CURRENT_PROJECT_VERSION = 1;
				GENERATE_INFOPLIST_FILE = YES;
				MARKETING_VERSION = 1.0;
				PRODUCT_BUNDLE_IDENTIFIER = "com.mammadbayli.Flat-EarthUITests";
				PRODUCT_NAME = "$(TARGET_NAME)";
				SWIFT_EMIT_LOC_STRINGS = NO;
				SWIFT_VERSION = 5.0;
				TARGETED_DEVICE_FAMILY = "1,2";
				TEST_TARGET_NAME = "Flat Earth";
			};
			name = Debug;
		};
		6DE51EC328FD23EA007450ED /* Release */ = {
			isa = XCBuildConfiguration;
			buildSettings = {
				ALWAYS_EMBED_SWIFT_STANDARD_LIBRARIES = YES;
				CODE_SIGN_STYLE = Automatic;
				CURRENT_PROJECT_VERSION = 1;
				GENERATE_INFOPLIST_FILE = YES;
				MARKETING_VERSION = 1.0;
				PRODUCT_BUNDLE_IDENTIFIER = "com.mammadbayli.Flat-EarthUITests";
				PRODUCT_NAME = "$(TARGET_NAME)";
				SWIFT_EMIT_LOC_STRINGS = NO;
				SWIFT_VERSION = 5.0;
				TARGETED_DEVICE_FAMILY = "1,2";
				TEST_TARGET_NAME = "Flat Earth";
			};
			name = Release;
		};
/* End XCBuildConfiguration section */

/* Begin XCConfigurationList section */
		6DE51E8C28FD23E8007450ED /* Build configuration list for PBXProject "Flat Earth" */ = {
			isa = XCConfigurationList;
			buildConfigurations = (
				6DE51EB928FD23EA007450ED /* Debug */,
				6DE51EBA28FD23EA007450ED /* Release */,
			);
			defaultConfigurationIsVisible = 0;
			defaultConfigurationName = Release;
		};
		6DE51EBB28FD23EA007450ED /* Build configuration list for PBXNativeTarget "Flat Earth" */ = {
			isa = XCConfigurationList;
			buildConfigurations = (
				6DE51EBC28FD23EA007450ED /* Debug */,
				6DE51EBD28FD23EA007450ED /* Release */,
			);
			defaultConfigurationIsVisible = 0;
			defaultConfigurationName = Release;
		};
		6DE51EBE28FD23EA007450ED /* Build configuration list for PBXNativeTarget "Flat EarthTests" */ = {
			isa = XCConfigurationList;
			buildConfigurations = (
				6DE51EBF28FD23EA007450ED /* Debug */,
				6DE51EC028FD23EA007450ED /* Release */,
			);
			defaultConfigurationIsVisible = 0;
			defaultConfigurationName = Release;
		};
		6DE51EC128FD23EA007450ED /* Build configuration list for PBXNativeTarget "Flat EarthUITests" */ = {
			isa = XCConfigurationList;
			buildConfigurations = (
				6DE51EC228FD23EA007450ED /* Debug */,
				6DE51EC328FD23EA007450ED /* Release */,
			);
			defaultConfigurationIsVisible = 0;
			defaultConfigurationName = Release;
		};
/* End XCConfigurationList section */
	};
	rootObject = 6DE51E8928FD23E8007450ED /* Project object */;
}
